
Microsoft Visual Studio Solution File, Format Version 12.00
# Visual Studio 15
VisualStudioVersion = 15.0.27703.2018
MinimumVisualStudioVersion = 10.0.40219.1
Project("{9A19103F-16F7-4668-BE54-9A1E7A4F7556}") = "EntityFrameworkASPNetCore_PS", "EntityFrameworkASPNetCore_PS\EntityFrameworkASPNetCore_PS.csproj", "{93D73788-9444-4AC2-9D73-36D97E0BD2CC}"
EndProject
Global
	GlobalSection(SolutionConfigurationPlatforms) = preSolution
		Debug|Any CPU = Debug|Any CPU
		Release|Any CPU = Release|Any CPU
	EndGlobalSection
	GlobalSection(ProjectConfigurationPlatforms) = postSolution
		{93D73788-9444-4AC2-9D73-36D97E0BD2CC}.Debug|Any CPU.ActiveCfg = Debug|Any CPU
		{93D73788-9444-4AC2-9D73-36D97E0BD2CC}.Debug|Any CPU.Build.0 = Debug|Any CPU
		{93D73788-9444-4AC2-9D73-36D97E0BD2CC}.Release|Any CPU.ActiveCfg = Release|Any CPU
		{93D73788-9444-4AC2-9D73-36D97E0BD2CC}.Release|Any CPU.Build.0 = Release|Any CPU
	EndGlobalSection
	GlobalSection(SolutionProperties) = preSolution
		HideSolutionNode = FALSE
	EndGlobalSection
	GlobalSection(ExtensibilityGlobals) = postSolution
		SolutionGuid = {FA43B4AF-5E6C-45D4-9177-DA92225C6BCA}
	EndGlobalSection
EndGlobal
